# This file is automatically @generated by Poetry 1.8.2 and should not be changed by hand.

[[package]]
name = "pypdf2"
version = "2.12.1"
description = "A pure-python PDF library capable of splitting, merging, cropping, and transforming PDF files"
optional = false
python-versions = ">=3.6"
files = [
    {file = "PyPDF2-2.12.1.tar.gz", hash = "sha256:e03ef18abcc75da741a0acc1a7749253496887be38cd9887bcce1cee393da45e"},
    {file = "pypdf2-2.12.1-py3-none-any.whl", hash = "sha256:41ff16ee122bad9790d57a4235281a838002d7f1cc8d631d91b6f65d709bd825"},
]

[package.extras]
crypto = ["PyCryptodome"]
dev = ["black", "flit", "pip-tools", "pre-commit (<2.18.0)", "pytest-cov", "wheel"]
docs = ["myst_parser", "sphinx", "sphinx_rtd_theme"]
full = ["Pillow", "PyCryptodome"]
image = ["Pillow"]

[metadata]
lock-version = "2.0"
python-versions = "^3.10"
content-hash = "bc3c38dfefa776f40447dbffc3cda02bf1991c43f9c6d6d5588cc05f2bcaa3cb"
