[[package]]
name = "PyPDF2"
version = "2.11.2"
description = "A pure-python PDF library capable of splitting, merging, cropping, and transforming PDF files"
category = "main"
optional = false
python-versions = ">=3.6"

[package.extras]
crypto = ["PyCryptodome"]
dev = ["black", "flit", "pip-tools", "pre-commit (<2.18.0)", "pytest-cov", "wheel"]
docs = ["myst_parser", "sphinx", "sphinx_rtd_theme"]
full = ["Pillow", "PyCryptodome"]
image = ["Pillow"]

[metadata]
lock-version = "1.1"
python-versions = "^3.10"
content-hash = "bc3c38dfefa776f40447dbffc3cda02bf1991c43f9c6d6d5588cc05f2bcaa3cb"

[metadata.files]
PyPDF2 = [
    {file = "PyPDF2-2.11.2.tar.gz", hash = "sha256:f1b0df8cd686d2ed069088b903ec65fb0f53e9c7837adc8139eccfbb7eb9141f"},
    {file = "pypdf2-2.11.2-py3-none-any.whl", hash = "sha256:7074034d199a817f3c0190c533a1a64ed4237cc060cdb1ebc3a6da796a2c71c0"},
]
